// !$*UTF8*$!
{
	archiveVersion = 1;
	classes = {
	};
	objectVersion = 55;
	objects = {

/* Begin PBXBuildFile section */
		63683C0927ED24C900688221 /* AppDelegate.swift in Sources */ = {isa = PBXBuildFile; fileRef = 63683C0827ED24C900688221 /* AppDelegate.swift */; };
		63683C0B27ED24C900688221 /* SceneDelegate.swift in Sources */ = {isa = PBXBuildFile; fileRef = 63683C0A27ED24C900688221 /* SceneDelegate.swift */; };
		63683C0D27ED24C900688221 /* MainVC.swift in Sources */ = {isa = PBXBuildFile; fileRef = 63683C0C27ED24C900688221 /* MainVC.swift */; };
		63683C1227ED24CA00688221 /* Assets.xcassets in Resources */ = {isa = PBXBuildFile; fileRef = 63683C1127ED24CA00688221 /* Assets.xcassets */; };
		63683C2427ED279000688221 /* HomeTopCell.swift in Sources */ = {isa = PBXBuildFile; fileRef = 63683C2327ED279000688221 /* HomeTopCell.swift */; };
		63683C2627ED279E00688221 /* HomeBottomListCell.swift in Sources */ = {isa = PBXBuildFile; fileRef = 63683C2527ED279E00688221 /* HomeBottomListCell.swift */; };
		63683C2827ED421900688221 /* HomeTopSliderCell.swift in Sources */ = {isa = PBXBuildFile; fileRef = 63683C2727ED421800688221 /* HomeTopSliderCell.swift */; };
		63683C2A27ED77F500688221 /* MovieModel.swift in Sources */ = {isa = PBXBuildFile; fileRef = 63683C2927ED77F500688221 /* MovieModel.swift */; };
		63683C2C27ED792300688221 /* MovieDetailsModel.swift in Sources */ = {isa = PBXBuildFile; fileRef = 63683C2B27ED792300688221 /* MovieDetailsModel.swift */; };
		63683C2E27ED836400688221 /* WebService.swift in Sources */ = {isa = PBXBuildFile; fileRef = 63683C2D27ED836400688221 /* WebService.swift */; };
		63683C3027ED8C3600688221 /* HomeViewModel.swift in Sources */ = {isa = PBXBuildFile; fileRef = 63683C2F27ED8C3600688221 /* HomeViewModel.swift */; };
		A27B9DF82912698BC11CEC68 /* Pods_CinemaApp_MVVM.framework in Frameworks */ = {isa = PBXBuildFile; fileRef = 1A8566F23698CE994B9A2026 /* Pods_CinemaApp_MVVM.framework */; };
/* End PBXBuildFile section */

/* Begin PBXFileReference section */
		1A8566F23698CE994B9A2026 /* Pods_CinemaApp_MVVM.framework */ = {isa = PBXFileReference; explicitFileType = wrapper.framework; includeInIndex = 0; path = Pods_CinemaApp_MVVM.framework; sourceTree = BUILT_PRODUCTS_DIR; };
		1F122B9DC2EB38879DDA1095 /* Pods-CinemaApp-MVVM.debug.xcconfig */ = {isa = PBXFileReference; includeInIndex = 1; lastKnownFileType = text.xcconfig; name = "Pods-CinemaApp-MVVM.debug.xcconfig"; path = "Target Support Files/Pods-CinemaApp-MVVM/Pods-CinemaApp-MVVM.debug.xcconfig"; sourceTree = "<group>"; };
		63683C0527ED24C900688221 /* CinemaApp-MVVM.app */ = {isa = PBXFileReference; explicitFileType = wrapper.application; includeInIndex = 0; path = "CinemaApp-MVVM.app"; sourceTree = BUILT_PRODUCTS_DIR; };
		63683C0827ED24C900688221 /* AppDelegate.swift */ = {isa = PBXFileReference; lastKnownFileType = sourcecode.swift; path = AppDelegate.swift; sourceTree = "<group>"; };
		63683C0A27ED24C900688221 /* SceneDelegate.swift */ = {isa = PBXFileReference; lastKnownFileType = sourcecode.swift; path = SceneDelegate.swift; sourceTree = "<group>"; };
		63683C0C27ED24C900688221 /* MainVC.swift */ = {isa = PBXFileReference; lastKnownFileType = sourcecode.swift; path = MainVC.swift; sourceTree = "<group>"; };
		63683C1127ED24CA00688221 /* Assets.xcassets */ = {isa = PBXFileReference; lastKnownFileType = folder.assetcatalog; path = Assets.xcassets; sourceTree = "<group>"; };
		63683C1627ED24CA00688221 /* Info.plist */ = {isa = PBXFileReference; lastKnownFileType = text.plist.xml; path = Info.plist; sourceTree = "<group>"; };
		63683C2327ED279000688221 /* HomeTopCell.swift */ = {isa = PBXFileReference; lastKnownFileType = sourcecode.swift; path = HomeTopCell.swift; sourceTree = "<group>"; };
		63683C2527ED279E00688221 /* HomeBottomListCell.swift */ = {isa = PBXFileReference; lastKnownFileType = sourcecode.swift; path = HomeBottomListCell.swift; sourceTree = "<group>"; };
		63683C2727ED421800688221 /* HomeTopSliderCell.swift */ = {isa = PBXFileReference; lastKnownFileType = sourcecode.swift; path = HomeTopSliderCell.swift; sourceTree = "<group>"; };
		63683C2927ED77F500688221 /* MovieModel.swift */ = {isa = PBXFileReference; lastKnownFileType = sourcecode.swift; path = MovieModel.swift; sourceTree = "<group>"; };
		63683C2B27ED792300688221 /* MovieDetailsModel.swift */ = {isa = PBXFileReference; lastKnownFileType = sourcecode.swift; path = MovieDetailsModel.swift; sourceTree = "<group>"; };
		63683C2D27ED836400688221 /* WebService.swift */ = {isa = PBXFileReference; lastKnownFileType = sourcecode.swift; path = WebService.swift; sourceTree = "<group>"; };
		63683C2F27ED8C3600688221 /* HomeViewModel.swift */ = {isa = PBXFileReference; lastKnownFileType = sourcecode.swift; path = HomeViewModel.swift; sourceTree = "<group>"; };
		A2A01DCB0047A10867E3EFCD /* Pods-CinemaApp-MVVM.release.xcconfig */ = {isa = PBXFileReference; includeInIndex = 1; lastKnownFileType = text.xcconfig; name = "Pods-CinemaApp-MVVM.release.xcconfig"; path = "Target Support Files/Pods-CinemaApp-MVVM/Pods-CinemaApp-MVVM.release.xcconfig"; sourceTree = "<group>"; };
/* End PBXFileReference section */

/* Begin PBXFrameworksBuildPhase section */
		63683C0227ED24C900688221 /* Frameworks */ = {
			isa = PBXFrameworksBuildPhase;
			buildActionMask = 2147483647;
			files = (
				A27B9DF82912698BC11CEC68 /* Pods_CinemaApp_MVVM.framework in Frameworks */,
			);
			runOnlyForDeploymentPostprocessing = 0;
		};
/* End PBXFrameworksBuildPhase section */

/* Begin PBXGroup section */
		2C89CA2DB72DFB5B738B3C46 /* Frameworks */ = {
			isa = PBXGroup;
			children = (
				1A8566F23698CE994B9A2026 /* Pods_CinemaApp_MVVM.framework */,
			);
			name = Frameworks;
			sourceTree = "<group>";
		};
		63683BFC27ED24C900688221 = {
			isa = PBXGroup;
			children = (
				63683C0727ED24C900688221 /* CinemaApp-MVVM */,
				63683C0627ED24C900688221 /* Products */,
				E9B985A0C227BD342B29256D /* Pods */,
				2C89CA2DB72DFB5B738B3C46 /* Frameworks */,
			);
			sourceTree = "<group>";
		};
		63683C0627ED24C900688221 /* Products */ = {
			isa = PBXGroup;
			children = (
				63683C0527ED24C900688221 /* CinemaApp-MVVM.app */,
			);
			name = Products;
			sourceTree = "<group>";
		};
		63683C0727ED24C900688221 /* CinemaApp-MVVM */ = {
			isa = PBXGroup;
			children = (
				63683C2227ED25C900688221 /* Network */,
				63683C2027ED25C000688221 /* ViewModel */,
				63683C1F27ED25BD00688221 /* Model */,
				63683C1E27ED25B900688221 /* Cells */,
				63683C1D27ED25B100688221 /* Views */,
				63683C1C27ED25AE00688221 /* Core */,
			);
			path = "CinemaApp-MVVM";
			sourceTree = "<group>";
		};
		63683C1C27ED25AE00688221 /* Core */ = {
			isa = PBXGroup;
			children = (
				63683C0827ED24C900688221 /* AppDelegate.swift */,
				63683C0A27ED24C900688221 /* SceneDelegate.swift */,
				63683C1127ED24CA00688221 /* Assets.xcassets */,
				63683C1627ED24CA00688221 /* Info.plist */,
			);
			path = Core;
			sourceTree = "<group>";
		};
		63683C1D27ED25B100688221 /* Views */ = {
			isa = PBXGroup;
			children = (
				63683C0C27ED24C900688221 /* MainVC.swift */,
			);
			path = Views;
			sourceTree = "<group>";
		};
		63683C1E27ED25B900688221 /* Cells */ = {
			isa = PBXGroup;
			children = (
				63683C2727ED421800688221 /* HomeTopSliderCell.swift */,
				63683C2327ED279000688221 /* HomeTopCell.swift */,
				63683C2527ED279E00688221 /* HomeBottomListCell.swift */,
			);
			path = Cells;
			sourceTree = "<group>";
		};
		63683C1F27ED25BD00688221 /* Model */ = {
			isa = PBXGroup;
			children = (
				63683C2927ED77F500688221 /* MovieModel.swift */,
				63683C2B27ED792300688221 /* MovieDetailsModel.swift */,
			);
			path = Model;
			sourceTree = "<group>";
		};
		63683C2027ED25C000688221 /* ViewModel */ = {
			isa = PBXGroup;
			children = (
				63683C2F27ED8C3600688221 /* HomeViewModel.swift */,
			);
			path = ViewModel;
			sourceTree = "<group>";
		};
		63683C2227ED25C900688221 /* Network */ = {
			isa = PBXGroup;
			children = (
				63683C2D27ED836400688221 /* WebService.swift */,
			);
			path = Network;
			sourceTree = "<group>";
		};
		E9B985A0C227BD342B29256D /* Pods */ = {
			isa = PBXGroup;
			children = (
				1F122B9DC2EB38879DDA1095 /* Pods-CinemaApp-MVVM.debug.xcconfig */,
				A2A01DCB0047A10867E3EFCD /* Pods-CinemaApp-MVVM.release.xcconfig */,
			);
			path = Pods;
			sourceTree = "<group>";
		};
/* End PBXGroup section */

/* Begin PBXNativeTarget section */
		63683C0427ED24C900688221 /* CinemaApp-MVVM */ = {
			isa = PBXNativeTarget;
			buildConfigurationList = 63683C1927ED24CA00688221 /* Build configuration list for PBXNativeTarget "CinemaApp-MVVM" */;
			buildPhases = (
				B5C57EBDB4E49F354FB10B74 /* [CP] Check Pods Manifest.lock */,
				63683C0127ED24C900688221 /* Sources */,
				63683C0227ED24C900688221 /* Frameworks */,
				63683C0327ED24C900688221 /* Resources */,
				DD0867CFA943357C9BDF98AA /* [CP] Embed Pods Frameworks */,
			);
			buildRules = (
			);
			dependencies = (
			);
			name = "CinemaApp-MVVM";
			productName = "CinemaApp-MVVM";
			productReference = 63683C0527ED24C900688221 /* CinemaApp-MVVM.app */;
			productType = "com.apple.product-type.application";
		};
/* End PBXNativeTarget section */

/* Begin PBXProject section */
		63683BFD27ED24C900688221 /* Project object */ = {
			isa = PBXProject;
			attributes = {
				BuildIndependentTargetsInParallel = 1;
				LastSwiftUpdateCheck = 1320;
				LastUpgradeCheck = 1320;
				TargetAttributes = {
					63683C0427ED24C900688221 = {
						CreatedOnToolsVersion = 13.2.1;
					};
				};
			};
			buildConfigurationList = 63683C0027ED24C900688221 /* Build configuration list for PBXProject "CinemaApp-MVVM" */;
			compatibilityVersion = "Xcode 13.0";
			developmentRegion = en;
			hasScannedForEncodings = 0;
			knownRegions = (
				en,
				Base,
			);
			mainGroup = 63683BFC27ED24C900688221;
			productRefGroup = 63683C0627ED24C900688221 /* Products */;
			projectDirPath = "";
			projectRoot = "";
			targets = (
				63683C0427ED24C900688221 /* CinemaApp-MVVM */,
			);
		};
/* End PBXProject section */

/* Begin PBXResourcesBuildPhase section */
		63683C0327ED24C900688221 /* Resources */ = {
			isa = PBXResourcesBuildPhase;
			buildActionMask = 2147483647;
			files = (
				63683C1227ED24CA00688221 /* Assets.xcassets in Resources */,
			);
			runOnlyForDeploymentPostprocessing = 0;
		};
/* End PBXResourcesBuildPhase section */

/* Begin PBXShellScriptBuildPhase section */
		B5C57EBDB4E49F354FB10B74 /* [CP] Check Pods Manifest.lock */ = {
			isa = PBXShellScriptBuildPhase;
			buildActionMask = 2147483647;
			files = (
			);
			inputFileListPaths = (
			);
			inputPaths = (
				"${PODS_PODFILE_DIR_PATH}/Podfile.lock",
				"${PODS_ROOT}/Manifest.lock",
			);
			name = "[CP] Check Pods Manifest.lock";
			outputFileListPaths = (
			);
			outputPaths = (
				"$(DERIVED_FILE_DIR)/Pods-CinemaApp-MVVM-checkManifestLockResult.txt",
			);
			runOnlyForDeploymentPostprocessing = 0;
			shellPath = /bin/sh;
			shellScript = "diff \"${PODS_PODFILE_DIR_PATH}/Podfile.lock\" \"${PODS_ROOT}/Manifest.lock\" > /dev/null\nif [ $? != 0 ] ; then\n    # print error to STDERR\n    echo \"error: The sandbox is not in sync with the Podfile.lock. Run 'pod install' or update your CocoaPods installation.\" >&2\n    exit 1\nfi\n# This output is used by Xcode 'outputs' to avoid re-running this script phase.\necho \"SUCCESS\" > \"${SCRIPT_OUTPUT_FILE_0}\"\n";
			showEnvVarsInLog = 0;
		};
		DD0867CFA943357C9BDF98AA /* [CP] Embed Pods Frameworks */ = {
			isa = PBXShellScriptBuildPhase;
			buildActionMask = 2147483647;
			files = (
			);
			inputFileListPaths = (
				"${PODS_ROOT}/Target Support Files/Pods-CinemaApp-MVVM/Pods-CinemaApp-MVVM-frameworks-${CONFIGURATION}-input-files.xcfilelist",
			);
			name = "[CP] Embed Pods Frameworks";
			outputFileListPaths = (
				"${PODS_ROOT}/Target Support Files/Pods-CinemaApp-MVVM/Pods-CinemaApp-MVVM-frameworks-${CONFIGURATION}-output-files.xcfilelist",
			);
			runOnlyForDeploymentPostprocessing = 0;
			shellPath = /bin/sh;
			shellScript = "\"${PODS_ROOT}/Target Support Files/Pods-CinemaApp-MVVM/Pods-CinemaApp-MVVM-frameworks.sh\"\n";
			showEnvVarsInLog = 0;
		};
/* End PBXShellScriptBuildPhase section */

/* Begin PBXSourcesBuildPhase section */
		63683C0127ED24C900688221 /* Sources */ = {
			isa = PBXSourcesBuildPhase;
			buildActionMask = 2147483647;
			files = (
				63683C2E27ED836400688221 /* WebService.swift in Sources */,
				63683C3027ED8C3600688221 /* HomeViewModel.swift in Sources */,
				63683C2A27ED77F500688221 /* MovieModel.swift in Sources */,
				63683C2C27ED792300688221 /* MovieDetailsModel.swift in Sources */,
				63683C2627ED279E00688221 /* HomeBottomListCell.swift in Sources */,
				63683C2427ED279000688221 /* HomeTopCell.swift in Sources */,
				63683C0D27ED24C900688221 /* MainVC.swift in Sources */,
				63683C0927ED24C900688221 /* AppDelegate.swift in Sources */,
				63683C0B27ED24C900688221 /* SceneDelegate.swift in Sources */,
				63683C2827ED421900688221 /* HomeTopSliderCell.swift in Sources */,
			);
			runOnlyForDeploymentPostprocessing = 0;
		};
/* End PBXSourcesBuildPhase section */

/* Begin XCBuildConfiguration section */
		63683C1727ED24CA00688221 /* Debug */ = {
			isa = XCBuildConfiguration;
			buildSettings = {
				ALWAYS_SEARCH_USER_PATHS = NO;
				CLANG_ANALYZER_NONNULL = YES;
				CLANG_ANALYZER_NUMBER_OBJECT_CONVERSION = YES_AGGRESSIVE;
				CLANG_CXX_LANGUAGE_STANDARD = "gnu++17";
				CLANG_CXX_LIBRARY = "libc++";
				CLANG_ENABLE_MODULES = YES;
				CLANG_ENABLE_OBJC_ARC = YES;
				CLANG_ENABLE_OBJC_WEAK = YES;
				CLANG_WARN_BLOCK_CAPTURE_AUTORELEASING = YES;
				CLANG_WARN_BOOL_CONVERSION = YES;
				CLANG_WARN_COMMA = YES;
				CLANG_WARN_CONSTANT_CONVERSION = YES;
				CLANG_WARN_DEPRECATED_OBJC_IMPLEMENTATIONS = YES;
				CLANG_WARN_DIRECT_OBJC_ISA_USAGE = YES_ERROR;
				CLANG_WARN_DOCUMENTATION_COMMENTS = YES;
				CLANG_WARN_EMPTY_BODY = YES;
				CLANG_WARN_ENUM_CONVERSION = YES;
				CLANG_WARN_INFINITE_RECURSION = YES;
				CLANG_WARN_INT_CONVERSION = YES;
				CLANG_WARN_NON_LITERAL_NULL_CONVERSION = YES;
				CLANG_WARN_OBJC_IMPLICIT_RETAIN_SELF = YES;
				CLANG_WARN_OBJC_LITERAL_CONVERSION = YES;
				CLANG_WARN_OBJC_ROOT_CLASS = YES_ERROR;
				CLANG_WARN_QUOTED_INCLUDE_IN_FRAMEWORK_HEADER = YES;
				CLANG_WARN_RANGE_LOOP_ANALYSIS = YES;
				CLANG_WARN_STRICT_PROTOTYPES = YES;
				CLANG_WARN_SUSPICIOUS_MOVE = YES;
				CLANG_WARN_UNGUARDED_AVAILABILITY = YES_AGGRESSIVE;
				CLANG_WARN_UNREACHABLE_CODE = YES;
				CLANG_WARN__DUPLICATE_METHOD_MATCH = YES;
				COPY_PHASE_STRIP = NO;
				DEBUG_INFORMATION_FORMAT = dwarf;
				ENABLE_STRICT_OBJC_MSGSEND = YES;
				ENABLE_TESTABILITY = YES;
				GCC_C_LANGUAGE_STANDARD = gnu11;
				GCC_DYNAMIC_NO_PIC = NO;
				GCC_NO_COMMON_BLOCKS = YES;
				GCC_OPTIMIZATION_LEVEL = 0;
				GCC_PREPROCESSOR_DEFINITIONS = (
					"DEBUG=1",
					"$(inherited)",
				);
				GCC_WARN_64_TO_32_BIT_CONVERSION = YES;
				GCC_WARN_ABOUT_RETURN_TYPE = YES_ERROR;
				GCC_WARN_UNDECLARED_SELECTOR = YES;
				GCC_WARN_UNINITIALIZED_AUTOS = YES_AGGRESSIVE;
				GCC_WARN_UNUSED_FUNCTION = YES;
				GCC_WARN_UNUSED_VARIABLE = YES;
				IPHONEOS_DEPLOYMENT_TARGET = 15.2;
				MTL_ENABLE_DEBUG_INFO = INCLUDE_SOURCE;
				MTL_FAST_MATH = YES;
				ONLY_ACTIVE_ARCH = YES;
				SDKROOT = iphoneos;
				SWIFT_ACTIVE_COMPILATION_CONDITIONS = DEBUG;
				SWIFT_OPTIMIZATION_LEVEL = "-Onone";
			};
			name = Debug;
		};
		63683C1827ED24CA00688221 /* Release */ = {
			isa = XCBuildConfiguration;
			buildSettings = {
				ALWAYS_SEARCH_USER_PATHS = NO;
				CLANG_ANALYZER_NONNULL = YES;
				CLANG_ANALYZER_NUMBER_OBJECT_CONVERSION = YES_AGGRESSIVE;
				CLANG_CXX_LANGUAGE_STANDARD = "gnu++17";
				CLANG_CXX_LIBRARY = "libc++";
				CLANG_ENABLE_MODULES = YES;
				CLANG_ENABLE_OBJC_ARC = YES;
				CLANG_ENABLE_OBJC_WEAK = YES;
				CLANG_WARN_BLOCK_CAPTURE_AUTORELEASING = YES;
				CLANG_WARN_BOOL_CONVERSION = YES;
				CLANG_WARN_COMMA = YES;
				CLANG_WARN_CONSTANT_CONVERSION = YES;
				CLANG_WARN_DEPRECATED_OBJC_IMPLEMENTATIONS = YES;
				CLANG_WARN_DIRECT_OBJC_ISA_USAGE = YES_ERROR;
				CLANG_WARN_DOCUMENTATION_COMMENTS = YES;
				CLANG_WARN_EMPTY_BODY = YES;
				CLANG_WARN_ENUM_CONVERSION = YES;
				CLANG_WARN_INFINITE_RECURSION = YES;
				CLANG_WARN_INT_CONVERSION = YES;
				CLANG_WARN_NON_LITERAL_NULL_CONVERSION = YES;
				CLANG_WARN_OBJC_IMPLICIT_RETAIN_SELF = YES;
				CLANG_WARN_OBJC_LITERAL_CONVERSION = YES;
				CLANG_WARN_OBJC_ROOT_CLASS = YES_ERROR;
				CLANG_WARN_QUOTED_INCLUDE_IN_FRAMEWORK_HEADER = YES;
				CLANG_WARN_RANGE_LOOP_ANALYSIS = YES;
				CLANG_WARN_STRICT_PROTOTYPES = YES;
				CLANG_WARN_SUSPICIOUS_MOVE = YES;
				CLANG_WARN_UNGUARDED_AVAILABILITY = YES_AGGRESSIVE;
				CLANG_WARN_UNREACHABLE_CODE = YES;
				CLANG_WARN__DUPLICATE_METHOD_MATCH = YES;
				COPY_PHASE_STRIP = NO;
				DEBUG_INFORMATION_FORMAT = "dwarf-with-dsym";
				ENABLE_NS_ASSERTIONS = NO;
				ENABLE_STRICT_OBJC_MSGSEND = YES;
				GCC_C_LANGUAGE_STANDARD = gnu11;
				GCC_NO_COMMON_BLOCKS = YES;
				GCC_WARN_64_TO_32_BIT_CONVERSION = YES;
				GCC_WARN_ABOUT_RETURN_TYPE = YES_ERROR;
				GCC_WARN_UNDECLARED_SELECTOR = YES;
				GCC_WARN_UNINITIALIZED_AUTOS = YES_AGGRESSIVE;
				GCC_WARN_UNUSED_FUNCTION = YES;
				GCC_WARN_UNUSED_VARIABLE = YES;
				IPHONEOS_DEPLOYMENT_TARGET = 15.2;
				MTL_ENABLE_DEBUG_INFO = NO;
				MTL_FAST_MATH = YES;
				SDKROOT = iphoneos;
				SWIFT_COMPILATION_MODE = wholemodule;
				SWIFT_OPTIMIZATION_LEVEL = "-O";
				VALIDATE_PRODUCT = YES;
			};
			name = Release;
		};
		63683C1A27ED24CA00688221 /* Debug */ = {
			isa = XCBuildConfiguration;
			baseConfigurationReference = 1F122B9DC2EB38879DDA1095 /* Pods-CinemaApp-MVVM.debug.xcconfig */;
			buildSettings = {
				ASSETCATALOG_COMPILER_APPICON_NAME = AppIcon;
				ASSETCATALOG_COMPILER_GLOBAL_ACCENT_COLOR_NAME = AccentColor;
				CODE_SIGN_STYLE = Automatic;
				CURRENT_PROJECT_VERSION = 1;
				DEVELOPMENT_TEAM = YW89A2JD7V;
				GENERATE_INFOPLIST_FILE = YES;
				INFOPLIST_FILE = "CinemaApp-MVVM/Core/Info.plist";
				INFOPLIST_KEY_UIApplicationSupportsIndirectInputEvents = YES;
				INFOPLIST_KEY_UILaunchStoryboardName = LaunchScreen;
				INFOPLIST_KEY_UISupportedInterfaceOrientations_iPad = "UIInterfaceOrientationPortrait UIInterfaceOrientationPortraitUpsideDown UIInterfaceOrientationLandscapeLeft UIInterfaceOrientationLandscapeRight";
				INFOPLIST_KEY_UISupportedInterfaceOrientations_iPhone = "UIInterfaceOrientationPortrait UIInterfaceOrientationLandscapeLeft UIInterfaceOrientationLandscapeRight";
				LD_RUNPATH_SEARCH_PATHS = (
					"$(inherited)",
					"@executable_path/Frameworks",
				);
				MARKETING_VERSION = 1.0;
				PRODUCT_BUNDLE_IDENTIFIER = "com.ugurhmz.CinemaApp-MVVM";
				PRODUCT_NAME = "$(TARGET_NAME)";
				SWIFT_EMIT_LOC_STRINGS = YES;
				SWIFT_VERSION = 5.0;
				TARGETED_DEVICE_FAMILY = "1,2";
			};
			name = Debug;
		};
		63683C1B27ED24CA00688221 /* Release */ = {
			isa = XCBuildConfiguration;
			baseConfigurationReference = A2A01DCB0047A10867E3EFCD /* Pods-CinemaApp-MVVM.release.xcconfig */;
			buildSettings = {
				ASSETCATALOG_COMPILER_APPICON_NAME = AppIcon;
				ASSETCATALOG_COMPILER_GLOBAL_ACCENT_COLOR_NAME = AccentColor;
				CODE_SIGN_STYLE = Automatic;
				CURRENT_PROJECT_VERSION = 1;
				DEVELOPMENT_TEAM = YW89A2JD7V;
				GENERATE_INFOPLIST_FILE = YES;
				INFOPLIST_FILE = "CinemaApp-MVVM/Core/Info.plist";
				INFOPLIST_KEY_UIApplicationSupportsIndirectInputEvents = YES;
				INFOPLIST_KEY_UILaunchStoryboardName = LaunchScreen;
				INFOPLIST_KEY_UISupportedInterfaceOrientations_iPad = "UIInterfaceOrientationPortrait UIInterfaceOrientationPortraitUpsideDown UIInterfaceOrientationLandscapeLeft UIInterfaceOrientationLandscapeRight";
				INFOPLIST_KEY_UISupportedInterfaceOrientations_iPhone = "UIInterfaceOrientationPortrait UIInterfaceOrientationLandscapeLeft UIInterfaceOrientationLandscapeRight";
				LD_RUNPATH_SEARCH_PATHS = (
					"$(inherited)",
					"@executable_path/Frameworks",
				);
				MARKETING_VERSION = 1.0;
				PRODUCT_BUNDLE_IDENTIFIER = "com.ugurhmz.CinemaApp-MVVM";
				PRODUCT_NAME = "$(TARGET_NAME)";
				SWIFT_EMIT_LOC_STRINGS = YES;
				SWIFT_VERSION = 5.0;
				TARGETED_DEVICE_FAMILY = "1,2";
			};
			name = Release;
		};
/* End XCBuildConfiguration section */

/* Begin XCConfigurationList section */
		63683C0027ED24C900688221 /* Build configuration list for PBXProject "CinemaApp-MVVM" */ = {
			isa = XCConfigurationList;
			buildConfigurations = (
				63683C1727ED24CA00688221 /* Debug */,
				63683C1827ED24CA00688221 /* Release */,
			);
			defaultConfigurationIsVisible = 0;
			defaultConfigurationName = Release;
		};
		63683C1927ED24CA00688221 /* Build configuration list for PBXNativeTarget "CinemaApp-MVVM" */ = {
			isa = XCConfigurationList;
			buildConfigurations = (
				63683C1A27ED24CA00688221 /* Debug */,
				63683C1B27ED24CA00688221 /* Release */,
			);
			defaultConfigurationIsVisible = 0;
			defaultConfigurationName = Release;
		};
/* End XCConfigurationList section */
	};
	rootObject = 63683BFD27ED24C900688221 /* Project object */;
}
